# THIS IS AN AUTOGENERATED FILE. DO NOT EDIT THIS FILE DIRECTLY.
# yarn lockfile v1


"@types/dom-inputevent@^1.0.1":
  version "1.0.5"
  resolved "https://registry.yarnpkg.com/@types/dom-inputevent/-/dom-inputevent-1.0.5.tgz#c880fa9b4482b49accc107e4a950117a1af7a61b"
  integrity sha512-oL8NzIAn1J8vsIigjEM2qip6PUBRkb1kE+3gbM+NvSCzrScgz+Ixymuv9Z9jmktVjeHWMJc9zhP49YBUBeCTaQ==

typescript@^2.9.2:
  version "2.9.2"
  resolved "https://registry.yarnpkg.com/typescript/-/typescript-2.9.2.tgz#1cbf61d05d6b96269244eb6a3bce4bd914e0f00c"
  integrity sha512-Gr4p6nFNaoufRIY4NMdpQRNmgxVIGMs4Fcu/ujdYk3nAZqk7supzBE9idmvfZIlH/Cuj//dvi+019qEue9lV0w==
